
Microsoft Visual Studio Solution File, Format Version 12.00
# Visual Studio Version 17
VisualStudioVersion = 17.4.33403.182
MinimumVisualStudioVersion = 10.0.40219.1
Project("{8BC9CEB8-8B4A-11D0-8D11-00A0C91BC942}") = "CProj", "CProj\CProj.vcxproj", "{2B65E87D-463B-4C11-8FDC-67E377F627E0}"
EndProject
Project("{8BC9CEB8-8B4A-11D0-8D11-00A0C91BC942}") = "day2", "day2\day2.vcxproj", "{1929BCD0-006E-4F60-BFE4-A7118C5E26D5}"
EndProject
Project("{8BC9CEB8-8B4A-11D0-8D11-00A0C91BC942}") = "day3", "day3\day3.vcxproj", "{E44AA8D3-BC5C-47A7-9E8C-CF224D80CAF3}"
EndProject
Project("{8BC9CEB8-8B4A-11D0-8D11-00A0C91BC942}") = "omok", "omok\omok.vcxproj", "{5BB3A197-FF87-46DD-8057-74394E8D8FEE}"
EndProject
Project("{8BC9CEB8-8B4A-11D0-8D11-00A0C91BC942}") = "day4", "day4\day4.vcxproj", "{91AAD5FF-6931-4A28-9DB1-EDC693DA8C96}"
EndProject
Project("{8BC9CEB8-8B4A-11D0-8D11-00A0C91BC942}") = "day5", "day5\day5.vcxproj", "{51860138-BC14-4BAB-BE14-3C1C7D270DB0}"
EndProject
Global
	GlobalSection(SolutionConfigurationPlatforms) = preSolution
		Debug|x64 = Debug|x64
		Debug|x86 = Debug|x86
		Release|x64 = Release|x64
		Release|x86 = Release|x86
	EndGlobalSection
	GlobalSection(ProjectConfigurationPlatforms) = postSolution
		{2B65E87D-463B-4C11-8FDC-67E377F627E0}.Debug|x64.ActiveCfg = Debug|x64
		{2B65E87D-463B-4C11-8FDC-67E377F627E0}.Debug|x64.Build.0 = Debug|x64
		{2B65E87D-463B-4C11-8FDC-67E377F627E0}.Debug|x86.ActiveCfg = Debug|Win32
		{2B65E87D-463B-4C11-8FDC-67E377F627E0}.Debug|x86.Build.0 = Debug|Win32
		{2B65E87D-463B-4C11-8FDC-67E377F627E0}.Release|x64.ActiveCfg = Release|x64
		{2B65E87D-463B-4C11-8FDC-67E377F627E0}.Release|x64.Build.0 = Release|x64
		{2B65E87D-463B-4C11-8FDC-67E377F627E0}.Release|x86.ActiveCfg = Release|Win32
		{2B65E87D-463B-4C11-8FDC-67E377F627E0}.Release|x86.Build.0 = Release|Win32
		{1929BCD0-006E-4F60-BFE4-A7118C5E26D5}.Debug|x64.ActiveCfg = Debug|x64
		{1929BCD0-006E-4F60-BFE4-A7118C5E26D5}.Debug|x64.Build.0 = Debug|x64
		{1929BCD0-006E-4F60-BFE4-A7118C5E26D5}.Debug|x86.ActiveCfg = Debug|Win32
		{1929BCD0-006E-4F60-BFE4-A7118C5E26D5}.Debug|x86.Build.0 = Debug|Win32
		{1929BCD0-006E-4F60-BFE4-A7118C5E26D5}.Release|x64.ActiveCfg = Release|x64
		{1929BCD0-006E-4F60-BFE4-A7118C5E26D5}.Release|x64.Build.0 = Release|x64
		{1929BCD0-006E-4F60-BFE4-A7118C5E26D5}.Release|x86.ActiveCfg = Release|Win32
		{1929BCD0-006E-4F60-BFE4-A7118C5E26D5}.Release|x86.Build.0 = Release|Win32
		{E44AA8D3-BC5C-47A7-9E8C-CF224D80CAF3}.Debug|x64.ActiveCfg = Debug|x64
		{E44AA8D3-BC5C-47A7-9E8C-CF224D80CAF3}.Debug|x64.Build.0 = Debug|x64
		{E44AA8D3-BC5C-47A7-9E8C-CF224D80CAF3}.Debug|x86.ActiveCfg = Debug|Win32
		{E44AA8D3-BC5C-47A7-9E8C-CF224D80CAF3}.Debug|x86.Build.0 = Debug|Win32
		{E44AA8D3-BC5C-47A7-9E8C-CF224D80CAF3}.Release|x64.ActiveCfg = Release|x64
		{E44AA8D3-BC5C-47A7-9E8C-CF224D80CAF3}.Release|x64.Build.0 = Release|x64
		{E44AA8D3-BC5C-47A7-9E8C-CF224D80CAF3}.Release|x86.ActiveCfg = Release|Win32
		{E44AA8D3-BC5C-47A7-9E8C-CF224D80CAF3}.Release|x86.Build.0 = Release|Win32
		{5BB3A197-FF87-46DD-8057-74394E8D8FEE}.Debug|x64.ActiveCfg = Debug|x64
		{5BB3A197-FF87-46DD-8057-74394E8D8FEE}.Debug|x64.Build.0 = Debug|x64
		{5BB3A197-FF87-46DD-8057-74394E8D8FEE}.Debug|x86.ActiveCfg = Debug|Win32
		{5BB3A197-FF87-46DD-8057-74394E8D8FEE}.Debug|x86.Build.0 = Debug|Win32
		{5BB3A197-FF87-46DD-8057-74394E8D8FEE}.Release|x64.ActiveCfg = Release|x64
		{5BB3A197-FF87-46DD-8057-74394E8D8FEE}.Release|x64.Build.0 = Release|x64
		{5BB3A197-FF87-46DD-8057-74394E8D8FEE}.Release|x86.ActiveCfg = Release|Win32
		{5BB3A197-FF87-46DD-8057-74394E8D8FEE}.Release|x86.Build.0 = Release|Win32
		{91AAD5FF-6931-4A28-9DB1-EDC693DA8C96}.Debug|x64.ActiveCfg = Debug|x64
		{91AAD5FF-6931-4A28-9DB1-EDC693DA8C96}.Debug|x64.Build.0 = Debug|x64
		{91AAD5FF-6931-4A28-9DB1-EDC693DA8C96}.Debug|x86.ActiveCfg = Debug|Win32
		{91AAD5FF-6931-4A28-9DB1-EDC693DA8C96}.Debug|x86.Build.0 = Debug|Win32
		{91AAD5FF-6931-4A28-9DB1-EDC693DA8C96}.Release|x64.ActiveCfg = Release|x64
		{91AAD5FF-6931-4A28-9DB1-EDC693DA8C96}.Release|x64.Build.0 = Release|x64
		{91AAD5FF-6931-4A28-9DB1-EDC693DA8C96}.Release|x86.ActiveCfg = Release|Win32
		{91AAD5FF-6931-4A28-9DB1-EDC693DA8C96}.Release|x86.Build.0 = Release|Win32
		{51860138-BC14-4BAB-BE14-3C1C7D270DB0}.Debug|x64.ActiveCfg = Debug|x64
		{51860138-BC14-4BAB-BE14-3C1C7D270DB0}.Debug|x64.Build.0 = Debug|x64
		{51860138-BC14-4BAB-BE14-3C1C7D270DB0}.Debug|x86.ActiveCfg = Debug|Win32
		{51860138-BC14-4BAB-BE14-3C1C7D270DB0}.Debug|x86.Build.0 = Debug|Win32
		{51860138-BC14-4BAB-BE14-3C1C7D270DB0}.Release|x64.ActiveCfg = Release|x64
		{51860138-BC14-4BAB-BE14-3C1C7D270DB0}.Release|x64.Build.0 = Release|x64
		{51860138-BC14-4BAB-BE14-3C1C7D270DB0}.Release|x86.ActiveCfg = Release|Win32
		{51860138-BC14-4BAB-BE14-3C1C7D270DB0}.Release|x86.Build.0 = Release|Win32
	EndGlobalSection
	GlobalSection(SolutionProperties) = preSolution
		HideSolutionNode = FALSE
	EndGlobalSection
	GlobalSection(ExtensibilityGlobals) = postSolution
		SolutionGuid = {15FC80C0-C915-44A0-B7C5-B9EC33368517}
	EndGlobalSection
EndGlobal
